// !$*UTF8*$!
{
	archiveVersion = 1;
	classes = {
	};
	objectVersion = 46;
	objects = {

/* Begin PBXBuildFile section */
		8BF5127A1C34BF1A00C27CC9 /* AppDelegate.swift in Sources */ = {isa = PBXBuildFile; fileRef = 8BF512791C34BF1A00C27CC9 /* AppDelegate.swift */; };
		8BF5127C1C34BF1A00C27CC9 /* ViewController.swift in Sources */ = {isa = PBXBuildFile; fileRef = 8BF5127B1C34BF1A00C27CC9 /* ViewController.swift */; };
		8BF5127F1C34BF1A00C27CC9 /* Main.storyboard in Resources */ = {isa = PBXBuildFile; fileRef = 8BF5127D1C34BF1A00C27CC9 /* Main.storyboard */; };
		8BF512811C34BF1A00C27CC9 /* Assets.xcassets in Resources */ = {isa = PBXBuildFile; fileRef = 8BF512801C34BF1A00C27CC9 /* Assets.xcassets */; };
		8BF512841C34BF1A00C27CC9 /* LaunchScreen.storyboard in Resources */ = {isa = PBXBuildFile; fileRef = 8BF512821C34BF1A00C27CC9 /* LaunchScreen.storyboard */; };
		8BF5128F1C34BF1A00C27CC9 /* TipYourWaiterTests.swift in Sources */ = {isa = PBXBuildFile; fileRef = 8BF5128E1C34BF1A00C27CC9 /* TipYourWaiterTests.swift */; };
		8BF5129A1C34BF1A00C27CC9 /* TipYourWaiterUITests.swift in Sources */ = {isa = PBXBuildFile; fileRef = 8BF512991C34BF1A00C27CC9 /* TipYourWaiterUITests.swift */; };
/* End PBXBuildFile section */

/* Begin PBXContainerItemProxy section */
		8BF5128B1C34BF1A00C27CC9 /* PBXContainerItemProxy */ = {
			isa = PBXContainerItemProxy;
			containerPortal = 8BF5126E1C34BF1A00C27CC9 /* Project object */;
			proxyType = 1;
			remoteGlobalIDString = 8BF512751C34BF1A00C27CC9;
			remoteInfo = TipYourWaiter;
		};
		8BF512961C34BF1A00C27CC9 /* PBXContainerItemProxy */ = {
			isa = PBXContainerItemProxy;
			containerPortal = 8BF5126E1C34BF1A00C27CC9 /* Project object */;
			proxyType = 1;
			remoteGlobalIDString = 8BF512751C34BF1A00C27CC9;
			remoteInfo = TipYourWaiter;
		};
/* End PBXContainerItemProxy section */

/* Begin PBXFileReference section */
		8BF512761C34BF1A00C27CC9 /* TipYourWaiter.app */ = {isa = PBXFileReference; explicitFileType = wrapper.application; includeInIndex = 0; path = TipYourWaiter.app; sourceTree = BUILT_PRODUCTS_DIR; };
		8BF512791C34BF1A00C27CC9 /* AppDelegate.swift */ = {isa = PBXFileReference; lastKnownFileType = sourcecode.swift; path = AppDelegate.swift; sourceTree = "<group>"; };
		8BF5127B1C34BF1A00C27CC9 /* ViewController.swift */ = {isa = PBXFileReference; lastKnownFileType = sourcecode.swift; path = ViewController.swift; sourceTree = "<group>"; };
		8BF5127E1C34BF1A00C27CC9 /* Base */ = {isa = PBXFileReference; lastKnownFileType = file.storyboard; name = Base; path = Base.lproj/Main.storyboard; sourceTree = "<group>"; };
		8BF512801C34BF1A00C27CC9 /* Assets.xcassets */ = {isa = PBXFileReference; lastKnownFileType = folder.assetcatalog; path = Assets.xcassets; sourceTree = "<group>"; };
		8BF512831C34BF1A00C27CC9 /* Base */ = {isa = PBXFileReference; lastKnownFileType = file.storyboard; name = Base; path = Base.lproj/LaunchScreen.storyboard; sourceTree = "<group>"; };
		8BF512851C34BF1A00C27CC9 /* Info.plist */ = {isa = PBXFileReference; lastKnownFileType = text.plist.xml; path = Info.plist; sourceTree = "<group>"; };
		8BF5128A1C34BF1A00C27CC9 /* TipYourWaiterTests.xctest */ = {isa = PBXFileReference; explicitFileType = wrapper.cfbundle; includeInIndex = 0; path = TipYourWaiterTests.xctest; sourceTree = BUILT_PRODUCTS_DIR; };
		8BF5128E1C34BF1A00C27CC9 /* TipYourWaiterTests.swift */ = {isa = PBXFileReference; lastKnownFileType = sourcecode.swift; path = TipYourWaiterTests.swift; sourceTree = "<group>"; };
		8BF512901C34BF1A00C27CC9 /* Info.plist */ = {isa = PBXFileReference; lastKnownFileType = text.plist.xml; path = Info.plist; sourceTree = "<group>"; };
		8BF512951C34BF1A00C27CC9 /* TipYourWaiterUITests.xctest */ = {isa = PBXFileReference; explicitFileType = wrapper.cfbundle; includeInIndex = 0; path = TipYourWaiterUITests.xctest; sourceTree = BUILT_PRODUCTS_DIR; };
		8BF512991C34BF1A00C27CC9 /* TipYourWaiterUITests.swift */ = {isa = PBXFileReference; lastKnownFileType = sourcecode.swift; path = TipYourWaiterUITests.swift; sourceTree = "<group>"; };
		8BF5129B1C34BF1A00C27CC9 /* Info.plist */ = {isa = PBXFileReference; lastKnownFileType = text.plist.xml; path = Info.plist; sourceTree = "<group>"; };
/* End PBXFileReference section */

/* Begin PBXFrameworksBuildPhase section */
		8BF512731C34BF1A00C27CC9 /* Frameworks */ = {
			isa = PBXFrameworksBuildPhase;
			buildActionMask = 2147483647;
			files = (
			);
			runOnlyForDeploymentPostprocessing = 0;
		};
		8BF512871C34BF1A00C27CC9 /* Frameworks */ = {
			isa = PBXFrameworksBuildPhase;
			buildActionMask = 2147483647;
			files = (
			);
			runOnlyForDeploymentPostprocessing = 0;
		};
		8BF512921C34BF1A00C27CC9 /* Frameworks */ = {
			isa = PBXFrameworksBuildPhase;
			buildActionMask = 2147483647;
			files = (
			);
			runOnlyForDeploymentPostprocessing = 0;
		};
/* End PBXFrameworksBuildPhase section */

/* Begin PBXGroup section */
		8BF5126D1C34BF1A00C27CC9 = {
			isa = PBXGroup;
			children = (
				8BF512781C34BF1A00C27CC9 /* TipYourWaiter */,
				8BF5128D1C34BF1A00C27CC9 /* TipYourWaiterTests */,
				8BF512981C34BF1A00C27CC9 /* TipYourWaiterUITests */,
				8BF512771C34BF1A00C27CC9 /* Products */,
			);
			sourceTree = "<group>";
		};
		8BF512771C34BF1A00C27CC9 /* Products */ = {
			isa = PBXGroup;
			children = (
				8BF512761C34BF1A00C27CC9 /* TipYourWaiter.app */,
				8BF5128A1C34BF1A00C27CC9 /* TipYourWaiterTests.xctest */,
				8BF512951C34BF1A00C27CC9 /* TipYourWaiterUITests.xctest */,
			);
			name = Products;
			sourceTree = "<group>";
		};
		8BF512781C34BF1A00C27CC9 /* TipYourWaiter */ = {
			isa = PBXGroup;
			children = (
				8BF512791C34BF1A00C27CC9 /* AppDelegate.swift */,
				8BF5127B1C34BF1A00C27CC9 /* ViewController.swift */,
				8BF5127D1C34BF1A00C27CC9 /* Main.storyboard */,
				8BF512801C34BF1A00C27CC9 /* Assets.xcassets */,
				8BF512821C34BF1A00C27CC9 /* LaunchScreen.storyboard */,
				8BF512851C34BF1A00C27CC9 /* Info.plist */,
			);
			path = TipYourWaiter;
			sourceTree = "<group>";
		};
		8BF5128D1C34BF1A00C27CC9 /* TipYourWaiterTests */ = {
			isa = PBXGroup;
			children = (
				8BF5128E1C34BF1A00C27CC9 /* TipYourWaiterTests.swift */,
				8BF512901C34BF1A00C27CC9 /* Info.plist */,
			);
			path = TipYourWaiterTests;
			sourceTree = "<group>";
		};
		8BF512981C34BF1A00C27CC9 /* TipYourWaiterUITests */ = {
			isa = PBXGroup;
			children = (
				8BF512991C34BF1A00C27CC9 /* TipYourWaiterUITests.swift */,
				8BF5129B1C34BF1A00C27CC9 /* Info.plist */,
			);
			path = TipYourWaiterUITests;
			sourceTree = "<group>";
		};
/* End PBXGroup section */

/* Begin PBXNativeTarget section */
		8BF512751C34BF1A00C27CC9 /* TipYourWaiter */ = {
			isa = PBXNativeTarget;
			buildConfigurationList = 8BF5129E1C34BF1A00C27CC9 /* Build configuration list for PBXNativeTarget "TipYourWaiter" */;
			buildPhases = (
				8BF512721C34BF1A00C27CC9 /* Sources */,
				8BF512731C34BF1A00C27CC9 /* Frameworks */,
				8BF512741C34BF1A00C27CC9 /* Resources */,
			);
			buildRules = (
			);
			dependencies = (
			);
			name = TipYourWaiter;
			productName = TipYourWaiter;
			productReference = 8BF512761C34BF1A00C27CC9 /* TipYourWaiter.app */;
			productType = "com.apple.product-type.application";
		};
		8BF512891C34BF1A00C27CC9 /* TipYourWaiterTests */ = {
			isa = PBXNativeTarget;
			buildConfigurationList = 8BF512A11C34BF1A00C27CC9 /* Build configuration list for PBXNativeTarget "TipYourWaiterTests" */;
			buildPhases = (
				8BF512861C34BF1A00C27CC9 /* Sources */,
				8BF512871C34BF1A00C27CC9 /* Frameworks */,
				8BF512881C34BF1A00C27CC9 /* Resources */,
			);
			buildRules = (
			);
			dependencies = (
				8BF5128C1C34BF1A00C27CC9 /* PBXTargetDependency */,
			);
			name = TipYourWaiterTests;
			productName = TipYourWaiterTests;
			productReference = 8BF5128A1C34BF1A00C27CC9 /* TipYourWaiterTests.xctest */;
			productType = "com.apple.product-type.bundle.unit-test";
		};
		8BF512941C34BF1A00C27CC9 /* TipYourWaiterUITests */ = {
			isa = PBXNativeTarget;
			buildConfigurationList = 8BF512A41C34BF1A00C27CC9 /* Build configuration list for PBXNativeTarget "TipYourWaiterUITests" */;
			buildPhases = (
				8BF512911C34BF1A00C27CC9 /* Sources */,
				8BF512921C34BF1A00C27CC9 /* Frameworks */,
				8BF512931C34BF1A00C27CC9 /* Resources */,
			);
			buildRules = (
			);
			dependencies = (
				8BF512971C34BF1A00C27CC9 /* PBXTargetDependency */,
			);
			name = TipYourWaiterUITests;
			productName = TipYourWaiterUITests;
			productReference = 8BF512951C34BF1A00C27CC9 /* TipYourWaiterUITests.xctest */;
			productType = "com.apple.product-type.bundle.ui-testing";
		};
/* End PBXNativeTarget section */

/* Begin PBXProject section */
		8BF5126E1C34BF1A00C27CC9 /* Project object */ = {
			isa = PBXProject;
			attributes = {
				LastSwiftUpdateCheck = 0720;
				LastUpgradeCheck = 0720;
				ORGANIZATIONNAME = "Earle, inc.";
				TargetAttributes = {
					8BF512751C34BF1A00C27CC9 = {
						CreatedOnToolsVersion = 7.2;
					};
					8BF512891C34BF1A00C27CC9 = {
						CreatedOnToolsVersion = 7.2;
						TestTargetID = 8BF512751C34BF1A00C27CC9;
					};
					8BF512941C34BF1A00C27CC9 = {
						CreatedOnToolsVersion = 7.2;
						TestTargetID = 8BF512751C34BF1A00C27CC9;
					};
				};
			};
			buildConfigurationList = 8BF512711C34BF1A00C27CC9 /* Build configuration list for PBXProject "TipYourWaiter" */;
			compatibilityVersion = "Xcode 3.2";
			developmentRegion = English;
			hasScannedForEncodings = 0;
			knownRegions = (
				en,
				Base,
			);
			mainGroup = 8BF5126D1C34BF1A00C27CC9;
			productRefGroup = 8BF512771C34BF1A00C27CC9 /* Products */;
			projectDirPath = "";
			projectRoot = "";
			targets = (
				8BF512751C34BF1A00C27CC9 /* TipYourWaiter */,
				8BF512891C34BF1A00C27CC9 /* TipYourWaiterTests */,
				8BF512941C34BF1A00C27CC9 /* TipYourWaiterUITests */,
			);
		};
/* End PBXProject section */

/* Begin PBXResourcesBuildPhase section */
		8BF512741C34BF1A00C27CC9 /* Resources */ = {
			isa = PBXResourcesBuildPhase;
			buildActionMask = 2147483647;
			files = (
				8BF512841C34BF1A00C27CC9 /* LaunchScreen.storyboard in Resources */,
				8BF512811C34BF1A00C27CC9 /* Assets.xcassets in Resources */,
				8BF5127F1C34BF1A00C27CC9 /* Main.storyboard in Resources */,
			);
			runOnlyForDeploymentPostprocessing = 0;
		};
		8BF512881C34BF1A00C27CC9 /* Resources */ = {
			isa = PBXResourcesBuildPhase;
			buildActionMask = 2147483647;
			files = (
			);
			runOnlyForDeploymentPostprocessing = 0;
		};
		8BF512931C34BF1A00C27CC9 /* Resources */ = {
			isa = PBXResourcesBuildPhase;
			buildActionMask = 2147483647;
			files = (
			);
			runOnlyForDeploymentPostprocessing = 0;
		};
/* End PBXResourcesBuildPhase section */

/* Begin PBXSourcesBuildPhase section */
		8BF512721C34BF1A00C27CC9 /* Sources */ = {
			isa = PBXSourcesBuildPhase;
			buildActionMask = 2147483647;
			files = (
				8BF5127C1C34BF1A00C27CC9 /* ViewController.swift in Sources */,
				8BF5127A1C34BF1A00C27CC9 /* AppDelegate.swift in Sources */,
			);
			runOnlyForDeploymentPostprocessing = 0;
		};
		8BF512861C34BF1A00C27CC9 /* Sources */ = {
			isa = PBXSourcesBuildPhase;
			buildActionMask = 2147483647;
			files = (
				8BF5128F1C34BF1A00C27CC9 /* TipYourWaiterTests.swift in Sources */,
			);
			runOnlyForDeploymentPostprocessing = 0;
		};
		8BF512911C34BF1A00C27CC9 /* Sources */ = {
			isa = PBXSourcesBuildPhase;
			buildActionMask = 2147483647;
			files = (
				8BF5129A1C34BF1A00C27CC9 /* TipYourWaiterUITests.swift in Sources */,
			);
			runOnlyForDeploymentPostprocessing = 0;
		};
/* End PBXSourcesBuildPhase section */

/* Begin PBXTargetDependency section */
		8BF5128C1C34BF1A00C27CC9 /* PBXTargetDependency */ = {
			isa = PBXTargetDependency;
			target = 8BF512751C34BF1A00C27CC9 /* TipYourWaiter */;
			targetProxy = 8BF5128B1C34BF1A00C27CC9 /* PBXContainerItemProxy */;
		};
		8BF512971C34BF1A00C27CC9 /* PBXTargetDependency */ = {
			isa = PBXTargetDependency;
			target = 8BF512751C34BF1A00C27CC9 /* TipYourWaiter */;
			targetProxy = 8BF512961C34BF1A00C27CC9 /* PBXContainerItemProxy */;
		};
/* End PBXTargetDependency section */

/* Begin PBXVariantGroup section */
		8BF5127D1C34BF1A00C27CC9 /* Main.storyboard */ = {
			isa = PBXVariantGroup;
			children = (
				8BF5127E1C34BF1A00C27CC9 /* Base */,
			);
			name = Main.storyboard;
			sourceTree = "<group>";
		};
		8BF512821C34BF1A00C27CC9 /* LaunchScreen.storyboard */ = {
			isa = PBXVariantGroup;
			children = (
				8BF512831C34BF1A00C27CC9 /* Base */,
			);
			name = LaunchScreen.storyboard;
			sourceTree = "<group>";
		};
/* End PBXVariantGroup section */

/* Begin XCBuildConfiguration section */
		8BF5129C1C34BF1A00C27CC9 /* Debug */ = {
			isa = XCBuildConfiguration;
			buildSettings = {
				ALWAYS_SEARCH_USER_PATHS = NO;
				CLANG_CXX_LANGUAGE_STANDARD = "gnu++0x";
				CLANG_CXX_LIBRARY = "libc++";
				CLANG_ENABLE_MODULES = YES;
				CLANG_ENABLE_OBJC_ARC = YES;
				CLANG_WARN_BOOL_CONVERSION = YES;
				CLANG_WARN_CONSTANT_CONVERSION = YES;
				CLANG_WARN_DIRECT_OBJC_ISA_USAGE = YES_ERROR;
				CLANG_WARN_EMPTY_BODY = YES;
				CLANG_WARN_ENUM_CONVERSION = YES;
				CLANG_WARN_INT_CONVERSION = YES;
				CLANG_WARN_OBJC_ROOT_CLASS = YES_ERROR;
				CLANG_WARN_UNREACHABLE_CODE = YES;
				CLANG_WARN__DUPLICATE_METHOD_MATCH = YES;
				"CODE_SIGN_IDENTITY[sdk=iphoneos*]" = "iPhone Developer";
				COPY_PHASE_STRIP = NO;
				DEBUG_INFORMATION_FORMAT = dwarf;
				ENABLE_STRICT_OBJC_MSGSEND = YES;
				ENABLE_TESTABILITY = YES;
				GCC_C_LANGUAGE_STANDARD = gnu99;
				GCC_DYNAMIC_NO_PIC = NO;
				GCC_NO_COMMON_BLOCKS = YES;
				GCC_OPTIMIZATION_LEVEL = 0;
				GCC_PREPROCESSOR_DEFINITIONS = (
					"DEBUG=1",
					"$(inherited)",
				);
				GCC_WARN_64_TO_32_BIT_CONVERSION = YES;
				GCC_WARN_ABOUT_RETURN_TYPE = YES_ERROR;
				GCC_WARN_UNDECLARED_SELECTOR = YES;
				GCC_WARN_UNINITIALIZED_AUTOS = YES_AGGRESSIVE;
				GCC_WARN_UNUSED_FUNCTION = YES;
				GCC_WARN_UNUSED_VARIABLE = YES;
				IPHONEOS_DEPLOYMENT_TARGET = 9.2;
				MTL_ENABLE_DEBUG_INFO = YES;
				ONLY_ACTIVE_ARCH = YES;
				SDKROOT = iphoneos;
				SWIFT_OPTIMIZATION_LEVEL = "-Onone";
			};
			name = Debug;
		};
		8BF5129D1C34BF1A00C27CC9 /* Release */ = {
			isa = XCBuildConfiguration;
			buildSettings = {
				ALWAYS_SEARCH_USER_PATHS = NO;
				CLANG_CXX_LANGUAGE_STANDARD = "gnu++0x";
				CLANG_CXX_LIBRARY = "libc++";
				CLANG_ENABLE_MODULES = YES;
				CLANG_ENABLE_OBJC_ARC = YES;
				CLANG_WARN_BOOL_CONVERSION = YES;
				CLANG_WARN_CONSTANT_CONVERSION = YES;
				CLANG_WARN_DIRECT_OBJC_ISA_USAGE = YES_ERROR;
				CLANG_WARN_EMPTY_BODY = YES;
				CLANG_WARN_ENUM_CONVERSION = YES;
				CLANG_WARN_INT_CONVERSION = YES;
				CLANG_WARN_OBJC_ROOT_CLASS = YES_ERROR;
				CLANG_WARN_UNREACHABLE_CODE = YES;
				CLANG_WARN__DUPLICATE_METHOD_MATCH = YES;
				"CODE_SIGN_IDENTITY[sdk=iphoneos*]" = "iPhone Developer";
				COPY_PHASE_STRIP = NO;
				DEBUG_INFORMATION_FORMAT = "dwarf-with-dsym";
				ENABLE_NS_ASSERTIONS = NO;
				ENABLE_STRICT_OBJC_MSGSEND = YES;
				GCC_C_LANGUAGE_STANDARD = gnu99;
				GCC_NO_COMMON_BLOCKS = YES;
				GCC_WARN_64_TO_32_BIT_CONVERSION = YES;
				GCC_WARN_ABOUT_RETURN_TYPE = YES_ERROR;
				GCC_WARN_UNDECLARED_SELECTOR = YES;
				GCC_WARN_UNINITIALIZED_AUTOS = YES_AGGRESSIVE;
				GCC_WARN_UNUSED_FUNCTION = YES;
				GCC_WARN_UNUSED_VARIABLE = YES;
				IPHONEOS_DEPLOYMENT_TARGET = 9.2;
				MTL_ENABLE_DEBUG_INFO = NO;
				SDKROOT = iphoneos;
				VALIDATE_PRODUCT = YES;
			};
			name = Release;
		};
		8BF5129F1C34BF1A00C27CC9 /* Debug */ = {
			isa = XCBuildConfiguration;
			buildSettings = {
				ASSETCATALOG_COMPILER_APPICON_NAME = AppIcon;
				INFOPLIST_FILE = TipYourWaiter/Info.plist;
				IPHONEOS_DEPLOYMENT_TARGET = 8.0;
				LD_RUNPATH_SEARCH_PATHS = "$(inherited) @executable_path/Frameworks";
				PRODUCT_BUNDLE_IDENTIFIER = MSU.TipYourWaiter;
				PRODUCT_NAME = "$(TARGET_NAME)";
			};
			name = Debug;
		};
		8BF512A01C34BF1A00C27CC9 /* Release */ = {
			isa = XCBuildConfiguration;
			buildSettings = {
				ASSETCATALOG_COMPILER_APPICON_NAME = AppIcon;
				INFOPLIST_FILE = TipYourWaiter/Info.plist;
				IPHONEOS_DEPLOYMENT_TARGET = 8.0;
				LD_RUNPATH_SEARCH_PATHS = "$(inherited) @executable_path/Frameworks";
				PRODUCT_BUNDLE_IDENTIFIER = MSU.TipYourWaiter;
				PRODUCT_NAME = "$(TARGET_NAME)";
			};
			name = Release;
		};
		8BF512A21C34BF1A00C27CC9 /* Debug */ = {
			isa = XCBuildConfiguration;
			buildSettings = {
				BUNDLE_LOADER = "$(TEST_HOST)";
				INFOPLIST_FILE = TipYourWaiterTests/Info.plist;
				LD_RUNPATH_SEARCH_PATHS = "$(inherited) @executable_path/Frameworks @loader_path/Frameworks";
				PRODUCT_BUNDLE_IDENTIFIER = MSU.TipYourWaiterTests;
				PRODUCT_NAME = "$(TARGET_NAME)";
				TEST_HOST = "$(BUILT_PRODUCTS_DIR)/TipYourWaiter.app/TipYourWaiter";
			};
			name = Debug;
		};
		8BF512A31C34BF1A00C27CC9 /* Release */ = {
			isa = XCBuildConfiguration;
			buildSettings = {
				BUNDLE_LOADER = "$(TEST_HOST)";
				INFOPLIST_FILE = TipYourWaiterTests/Info.plist;
				LD_RUNPATH_SEARCH_PATHS = "$(inherited) @executable_path/Frameworks @loader_path/Frameworks";
				PRODUCT_BUNDLE_IDENTIFIER = MSU.TipYourWaiterTests;
				PRODUCT_NAME = "$(TARGET_NAME)";
				TEST_HOST = "$(BUILT_PRODUCTS_DIR)/TipYourWaiter.app/TipYourWaiter";
			};
			name = Release;
		};
		8BF512A51C34BF1A00C27CC9 /* Debug */ = {
			isa = XCBuildConfiguration;
			buildSettings = {
				INFOPLIST_FILE = TipYourWaiterUITests/Info.plist;
				LD_RUNPATH_SEARCH_PATHS = "$(inherited) @executable_path/Frameworks @loader_path/Frameworks";
				PRODUCT_BUNDLE_IDENTIFIER = MSU.TipYourWaiterUITests;
				PRODUCT_NAME = "$(TARGET_NAME)";
				TEST_TARGET_NAME = TipYourWaiter;
				USES_XCTRUNNER = YES;
			};
			name = Debug;
		};
		8BF512A61C34BF1A00C27CC9 /* Release */ = {
			isa = XCBuildConfiguration;
			buildSettings = {
				INFOPLIST_FILE = TipYourWaiterUITests/Info.plist;
				LD_RUNPATH_SEARCH_PATHS = "$(inherited) @executable_path/Frameworks @loader_path/Frameworks";
				PRODUCT_BUNDLE_IDENTIFIER = MSU.TipYourWaiterUITests;
				PRODUCT_NAME = "$(TARGET_NAME)";
				TEST_TARGET_NAME = TipYourWaiter;
				USES_XCTRUNNER = YES;
			};
			name = Release;
		};
/* End XCBuildConfiguration section */

/* Begin XCConfigurationList section */
		8BF512711C34BF1A00C27CC9 /* Build configuration list for PBXProject "TipYourWaiter" */ = {
			isa = XCConfigurationList;
			buildConfigurations = (
				8BF5129C1C34BF1A00C27CC9 /* Debug */,
				8BF5129D1C34BF1A00C27CC9 /* Release */,
			);
			defaultConfigurationIsVisible = 0;
			defaultConfigurationName = Release;
		};
		8BF5129E1C34BF1A00C27CC9 /* Build configuration list for PBXNativeTarget "TipYourWaiter" */ = {
			isa = XCConfigurationList;
			buildConfigurations = (
				8BF5129F1C34BF1A00C27CC9 /* Debug */,
				8BF512A01C34BF1A00C27CC9 /* Release */,
			);
			defaultConfigurationIsVisible = 0;
		};
		8BF512A11C34BF1A00C27CC9 /* Build configuration list for PBXNativeTarget "TipYourWaiterTests" */ = {
			isa = XCConfigurationList;
			buildConfigurations = (
				8BF512A21C34BF1A00C27CC9 /* Debug */,
				8BF512A31C34BF1A00C27CC9 /* Release */,
			);
			defaultConfigurationIsVisible = 0;
		};
		8BF512A41C34BF1A00C27CC9 /* Build configuration list for PBXNativeTarget "TipYourWaiterUITests" */ = {
			isa = XCConfigurationList;
			buildConfigurations = (
				8BF512A51C34BF1A00C27CC9 /* Debug */,
				8BF512A61C34BF1A00C27CC9 /* Release */,
			);
			defaultConfigurationIsVisible = 0;
		};
/* End XCConfigurationList section */
	};
	rootObject = 8BF5126E1C34BF1A00C27CC9 /* Project object */;
}
